// !$*UTF8*$!
{
	archiveVersion = 1;
	classes = {
	};
	objectVersion = 55;
	objects = {

/* Begin PBXBuildFile section */
		20430919279AC75800951C33 /* Person.swift in Sources */ = {isa = PBXBuildFile; fileRef = 20430918279AC75800951C33 /* Person.swift */; };
		2043091F279AD56E00951C33 /* TabBarViewController.swift in Sources */ = {isa = PBXBuildFile; fileRef = 2043091E279AD56E00951C33 /* TabBarViewController.swift */; };
		20430921279AD65100951C33 /* ContactListViewController.swift in Sources */ = {isa = PBXBuildFile; fileRef = 20430920279AD65100951C33 /* ContactListViewController.swift */; };
		20430923279AD6E500951C33 /* SectionTableViewController.swift in Sources */ = {isa = PBXBuildFile; fileRef = 20430922279AD6E500951C33 /* SectionTableViewController.swift */; };
		20430925279AD73400951C33 /* ContactDetailsViewController.swift in Sources */ = {isa = PBXBuildFile; fileRef = 20430924279AD73400951C33 /* ContactDetailsViewController.swift */; };
		20AF96EC279750DA0063AE75 /* AppDelegate.swift in Sources */ = {isa = PBXBuildFile; fileRef = 20AF96EB279750DA0063AE75 /* AppDelegate.swift */; };
		20AF96EE279750DA0063AE75 /* SceneDelegate.swift in Sources */ = {isa = PBXBuildFile; fileRef = 20AF96ED279750DA0063AE75 /* SceneDelegate.swift */; };
		20AF96F3279750DA0063AE75 /* Main.storyboard in Resources */ = {isa = PBXBuildFile; fileRef = 20AF96F1279750DA0063AE75 /* Main.storyboard */; };
		20AF96F5279750DE0063AE75 /* Assets.xcassets in Resources */ = {isa = PBXBuildFile; fileRef = 20AF96F4279750DE0063AE75 /* Assets.xcassets */; };
		20AF96F8279750DE0063AE75 /* LaunchScreen.storyboard in Resources */ = {isa = PBXBuildFile; fileRef = 20AF96F6279750DE0063AE75 /* LaunchScreen.storyboard */; };
		20AF9700279754430063AE75 /* DataManager.swift in Sources */ = {isa = PBXBuildFile; fileRef = 20AF96FF279754430063AE75 /* DataManager.swift */; };
/* End PBXBuildFile section */

/* Begin PBXFileReference section */
		20430918279AC75800951C33 /* Person.swift */ = {isa = PBXFileReference; lastKnownFileType = sourcecode.swift; path = Person.swift; sourceTree = "<group>"; };
		2043091E279AD56E00951C33 /* TabBarViewController.swift */ = {isa = PBXFileReference; lastKnownFileType = sourcecode.swift; path = TabBarViewController.swift; sourceTree = "<group>"; };
		20430920279AD65100951C33 /* ContactListViewController.swift */ = {isa = PBXFileReference; lastKnownFileType = sourcecode.swift; path = ContactListViewController.swift; sourceTree = "<group>"; };
		20430922279AD6E500951C33 /* SectionTableViewController.swift */ = {isa = PBXFileReference; lastKnownFileType = sourcecode.swift; path = SectionTableViewController.swift; sourceTree = "<group>"; };
		20430924279AD73400951C33 /* ContactDetailsViewController.swift */ = {isa = PBXFileReference; lastKnownFileType = sourcecode.swift; path = ContactDetailsViewController.swift; sourceTree = "<group>"; };
		20AF96E8279750D90063AE75 /* Contacts.app */ = {isa = PBXFileReference; explicitFileType = wrapper.application; includeInIndex = 0; path = Contacts.app; sourceTree = BUILT_PRODUCTS_DIR; };
		20AF96EB279750DA0063AE75 /* AppDelegate.swift */ = {isa = PBXFileReference; lastKnownFileType = sourcecode.swift; path = AppDelegate.swift; sourceTree = "<group>"; };
		20AF96ED279750DA0063AE75 /* SceneDelegate.swift */ = {isa = PBXFileReference; lastKnownFileType = sourcecode.swift; path = SceneDelegate.swift; sourceTree = "<group>"; };
		20AF96F2279750DA0063AE75 /* Base */ = {isa = PBXFileReference; lastKnownFileType = file.storyboard; name = Base; path = Base.lproj/Main.storyboard; sourceTree = "<group>"; };
		20AF96F4279750DE0063AE75 /* Assets.xcassets */ = {isa = PBXFileReference; lastKnownFileType = folder.assetcatalog; path = Assets.xcassets; sourceTree = "<group>"; };
		20AF96F7279750DE0063AE75 /* Base */ = {isa = PBXFileReference; lastKnownFileType = file.storyboard; name = Base; path = Base.lproj/LaunchScreen.storyboard; sourceTree = "<group>"; };
		20AF96F9279750DE0063AE75 /* Info.plist */ = {isa = PBXFileReference; lastKnownFileType = text.plist.xml; path = Info.plist; sourceTree = "<group>"; };
		20AF96FF279754430063AE75 /* DataManager.swift */ = {isa = PBXFileReference; lastKnownFileType = sourcecode.swift; path = DataManager.swift; sourceTree = "<group>"; };
/* End PBXFileReference section */

/* Begin PBXFrameworksBuildPhase section */
		20AF96E5279750D90063AE75 /* Frameworks */ = {
			isa = PBXFrameworksBuildPhase;
			buildActionMask = 2147483647;
			files = (
			);
			runOnlyForDeploymentPostprocessing = 0;
		};
/* End PBXFrameworksBuildPhase section */

/* Begin PBXGroup section */
		20430917279AC73000951C33 /* Services */ = {
			isa = PBXGroup;
			children = (
				20AF96FF279754430063AE75 /* DataManager.swift */,
			);
			path = Services;
			sourceTree = "<group>";
		};
		2043091A279AC76200951C33 /* Models */ = {
			isa = PBXGroup;
			children = (
				20430918279AC75800951C33 /* Person.swift */,
			);
			path = Models;
			sourceTree = "<group>";
		};
		2043091B279AC80A00951C33 /* Storyboard */ = {
			isa = PBXGroup;
			children = (
				20AF96F6279750DE0063AE75 /* LaunchScreen.storyboard */,
				20AF96F1279750DA0063AE75 /* Main.storyboard */,
			);
			path = Storyboard;
			sourceTree = "<group>";
		};
		2043091C279AC82100951C33 /* App */ = {
			isa = PBXGroup;
			children = (
				20AF96ED279750DA0063AE75 /* SceneDelegate.swift */,
				20AF96EB279750DA0063AE75 /* AppDelegate.swift */,
			);
			path = App;
			sourceTree = "<group>";
		};
		2043091D279AC83900951C33 /* ViewControllers */ = {
			isa = PBXGroup;
			children = (
				2043091E279AD56E00951C33 /* TabBarViewController.swift */,
				20430920279AD65100951C33 /* ContactListViewController.swift */,
				20430922279AD6E500951C33 /* SectionTableViewController.swift */,
				20430924279AD73400951C33 /* ContactDetailsViewController.swift */,
			);
			path = ViewControllers;
			sourceTree = "<group>";
		};
		20AF96DF279750D90063AE75 = {
			isa = PBXGroup;
			children = (
				20AF96EA279750D90063AE75 /* Contacts */,
				20AF96E9279750D90063AE75 /* Products */,
			);
			sourceTree = "<group>";
		};
		20AF96E9279750D90063AE75 /* Products */ = {
			isa = PBXGroup;
			children = (
				20AF96E8279750D90063AE75 /* Contacts.app */,
			);
			name = Products;
			sourceTree = "<group>";
		};
		20AF96EA279750D90063AE75 /* Contacts */ = {
			isa = PBXGroup;
			children = (
				2043091D279AC83900951C33 /* ViewControllers */,
				2043091B279AC80A00951C33 /* Storyboard */,
				2043091A279AC76200951C33 /* Models */,
				20430917279AC73000951C33 /* Services */,
				2043091C279AC82100951C33 /* App */,
				20AF96F4279750DE0063AE75 /* Assets.xcassets */,
				20AF96F9279750DE0063AE75 /* Info.plist */,
			);
			path = Contacts;
			sourceTree = "<group>";
		};
/* End PBXGroup section */

/* Begin PBXNativeTarget section */
		20AF96E7279750D90063AE75 /* Contacts */ = {
			isa = PBXNativeTarget;
			buildConfigurationList = 20AF96FC279750DE0063AE75 /* Build configuration list for PBXNativeTarget "Contacts" */;
			buildPhases = (
				20AF96E4279750D90063AE75 /* Sources */,
				20AF96E5279750D90063AE75 /* Frameworks */,
				20AF96E6279750D90063AE75 /* Resources */,
			);
			buildRules = (
			);
			dependencies = (
			);
			name = Contacts;
			productName = Contacts;
			productReference = 20AF96E8279750D90063AE75 /* Contacts.app */;
			productType = "com.apple.product-type.application";
		};
/* End PBXNativeTarget section */

/* Begin PBXProject section */
		20AF96E0279750D90063AE75 /* Project object */ = {
			isa = PBXProject;
			attributes = {
				BuildIndependentTargetsInParallel = 1;
				LastSwiftUpdateCheck = 1310;
				LastUpgradeCheck = 1310;
				TargetAttributes = {
					20AF96E7279750D90063AE75 = {
						CreatedOnToolsVersion = 13.1;
					};
				};
			};
			buildConfigurationList = 20AF96E3279750D90063AE75 /* Build configuration list for PBXProject "Contacts" */;
			compatibilityVersion = "Xcode 13.0";
			developmentRegion = en;
			hasScannedForEncodings = 0;
			knownRegions = (
				en,
				Base,
			);
			mainGroup = 20AF96DF279750D90063AE75;
			productRefGroup = 20AF96E9279750D90063AE75 /* Products */;
			projectDirPath = "";
			projectRoot = "";
			targets = (
				20AF96E7279750D90063AE75 /* Contacts */,
			);
		};
/* End PBXProject section */

/* Begin PBXResourcesBuildPhase section */
		20AF96E6279750D90063AE75 /* Resources */ = {
			isa = PBXResourcesBuildPhase;
			buildActionMask = 2147483647;
			files = (
				20AF96F8279750DE0063AE75 /* LaunchScreen.storyboard in Resources */,
				20AF96F5279750DE0063AE75 /* Assets.xcassets in Resources */,
				20AF96F3279750DA0063AE75 /* Main.storyboard in Resources */,
			);
			runOnlyForDeploymentPostprocessing = 0;
		};
/* End PBXResourcesBuildPhase section */

/* Begin PBXSourcesBuildPhase section */
		20AF96E4279750D90063AE75 /* Sources */ = {
			isa = PBXSourcesBuildPhase;
			buildActionMask = 2147483647;
			files = (
				20430919279AC75800951C33 /* Person.swift in Sources */,
				20AF9700279754430063AE75 /* DataManager.swift in Sources */,
				20AF96EC279750DA0063AE75 /* AppDelegate.swift in Sources */,
				2043091F279AD56E00951C33 /* TabBarViewController.swift in Sources */,
				20430921279AD65100951C33 /* ContactListViewController.swift in Sources */,
				20AF96EE279750DA0063AE75 /* SceneDelegate.swift in Sources */,
				20430925279AD73400951C33 /* ContactDetailsViewController.swift in Sources */,
				20430923279AD6E500951C33 /* SectionTableViewController.swift in Sources */,
			);
			runOnlyForDeploymentPostprocessing = 0;
		};
/* End PBXSourcesBuildPhase section */

/* Begin PBXVariantGroup section */
		20AF96F1279750DA0063AE75 /* Main.storyboard */ = {
			isa = PBXVariantGroup;
			children = (
				20AF96F2279750DA0063AE75 /* Base */,
			);
			name = Main.storyboard;
			sourceTree = "<group>";
		};
		20AF96F6279750DE0063AE75 /* LaunchScreen.storyboard */ = {
			isa = PBXVariantGroup;
			children = (
				20AF96F7279750DE0063AE75 /* Base */,
			);
			name = LaunchScreen.storyboard;
			sourceTree = "<group>";
		};
/* End PBXVariantGroup section */

/* Begin XCBuildConfiguration section */
		20AF96FA279750DE0063AE75 /* Debug */ = {
			isa = XCBuildConfiguration;
			buildSettings = {
				ALWAYS_SEARCH_USER_PATHS = NO;
				CLANG_ANALYZER_NONNULL = YES;
				CLANG_ANALYZER_NUMBER_OBJECT_CONVERSION = YES_AGGRESSIVE;
				CLANG_CXX_LANGUAGE_STANDARD = "gnu++17";
				CLANG_CXX_LIBRARY = "libc++";
				CLANG_ENABLE_MODULES = YES;
				CLANG_ENABLE_OBJC_ARC = YES;
				CLANG_ENABLE_OBJC_WEAK = YES;
				CLANG_WARN_BLOCK_CAPTURE_AUTORELEASING = YES;
				CLANG_WARN_BOOL_CONVERSION = YES;
				CLANG_WARN_COMMA = YES;
				CLANG_WARN_CONSTANT_CONVERSION = YES;
				CLANG_WARN_DEPRECATED_OBJC_IMPLEMENTATIONS = YES;
				CLANG_WARN_DIRECT_OBJC_ISA_USAGE = YES_ERROR;
				CLANG_WARN_DOCUMENTATION_COMMENTS = YES;
				CLANG_WARN_EMPTY_BODY = YES;
				CLANG_WARN_ENUM_CONVERSION = YES;
				CLANG_WARN_INFINITE_RECURSION = YES;
				CLANG_WARN_INT_CONVERSION = YES;
				CLANG_WARN_NON_LITERAL_NULL_CONVERSION = YES;
				CLANG_WARN_OBJC_IMPLICIT_RETAIN_SELF = YES;
				CLANG_WARN_OBJC_LITERAL_CONVERSION = YES;
				CLANG_WARN_OBJC_ROOT_CLASS = YES_ERROR;
				CLANG_WARN_QUOTED_INCLUDE_IN_FRAMEWORK_HEADER = YES;
				CLANG_WARN_RANGE_LOOP_ANALYSIS = YES;
				CLANG_WARN_STRICT_PROTOTYPES = YES;
				CLANG_WARN_SUSPICIOUS_MOVE = YES;
				CLANG_WARN_UNGUARDED_AVAILABILITY = YES_AGGRESSIVE;
				CLANG_WARN_UNREACHABLE_CODE = YES;
				CLANG_WARN__DUPLICATE_METHOD_MATCH = YES;
				COPY_PHASE_STRIP = NO;
				DEBUG_INFORMATION_FORMAT = dwarf;
				ENABLE_STRICT_OBJC_MSGSEND = YES;
				ENABLE_TESTABILITY = YES;
				GCC_C_LANGUAGE_STANDARD = gnu11;
				GCC_DYNAMIC_NO_PIC = NO;
				GCC_NO_COMMON_BLOCKS = YES;
				GCC_OPTIMIZATION_LEVEL = 0;
				GCC_PREPROCESSOR_DEFINITIONS = (
					"DEBUG=1",
					"$(inherited)",
				);
				GCC_WARN_64_TO_32_BIT_CONVERSION = YES;
				GCC_WARN_ABOUT_RETURN_TYPE = YES_ERROR;
				GCC_WARN_UNDECLARED_SELECTOR = YES;
				GCC_WARN_UNINITIALIZED_AUTOS = YES_AGGRESSIVE;
				GCC_WARN_UNUSED_FUNCTION = YES;
				GCC_WARN_UNUSED_VARIABLE = YES;
				IPHONEOS_DEPLOYMENT_TARGET = 15.0;
				MTL_ENABLE_DEBUG_INFO = INCLUDE_SOURCE;
				MTL_FAST_MATH = YES;
				ONLY_ACTIVE_ARCH = YES;
				SDKROOT = iphoneos;
				SWIFT_ACTIVE_COMPILATION_CONDITIONS = DEBUG;
				SWIFT_OPTIMIZATION_LEVEL = "-Onone";
			};
			name = Debug;
		};
		20AF96FB279750DE0063AE75 /* Release */ = {
			isa = XCBuildConfiguration;
			buildSettings = {
				ALWAYS_SEARCH_USER_PATHS = NO;
				CLANG_ANALYZER_NONNULL = YES;
				CLANG_ANALYZER_NUMBER_OBJECT_CONVERSION = YES_AGGRESSIVE;
				CLANG_CXX_LANGUAGE_STANDARD = "gnu++17";
				CLANG_CXX_LIBRARY = "libc++";
				CLANG_ENABLE_MODULES = YES;
				CLANG_ENABLE_OBJC_ARC = YES;
				CLANG_ENABLE_OBJC_WEAK = YES;
				CLANG_WARN_BLOCK_CAPTURE_AUTORELEASING = YES;
				CLANG_WARN_BOOL_CONVERSION = YES;
				CLANG_WARN_COMMA = YES;
				CLANG_WARN_CONSTANT_CONVERSION = YES;
				CLANG_WARN_DEPRECATED_OBJC_IMPLEMENTATIONS = YES;
				CLANG_WARN_DIRECT_OBJC_ISA_USAGE = YES_ERROR;
				CLANG_WARN_DOCUMENTATION_COMMENTS = YES;
				CLANG_WARN_EMPTY_BODY = YES;
				CLANG_WARN_ENUM_CONVERSION = YES;
				CLANG_WARN_INFINITE_RECURSION = YES;
				CLANG_WARN_INT_CONVERSION = YES;
				CLANG_WARN_NON_LITERAL_NULL_CONVERSION = YES;
				CLANG_WARN_OBJC_IMPLICIT_RETAIN_SELF = YES;
				CLANG_WARN_OBJC_LITERAL_CONVERSION = YES;
				CLANG_WARN_OBJC_ROOT_CLASS = YES_ERROR;
				CLANG_WARN_QUOTED_INCLUDE_IN_FRAMEWORK_HEADER = YES;
				CLANG_WARN_RANGE_LOOP_ANALYSIS = YES;
				CLANG_WARN_STRICT_PROTOTYPES = YES;
				CLANG_WARN_SUSPICIOUS_MOVE = YES;
				CLANG_WARN_UNGUARDED_AVAILABILITY = YES_AGGRESSIVE;
				CLANG_WARN_UNREACHABLE_CODE = YES;
				CLANG_WARN__DUPLICATE_METHOD_MATCH = YES;
				COPY_PHASE_STRIP = NO;
				DEBUG_INFORMATION_FORMAT = "dwarf-with-dsym";
				ENABLE_NS_ASSERTIONS = NO;
				ENABLE_STRICT_OBJC_MSGSEND = YES;
				GCC_C_LANGUAGE_STANDARD = gnu11;
				GCC_NO_COMMON_BLOCKS = YES;
				GCC_WARN_64_TO_32_BIT_CONVERSION = YES;
				GCC_WARN_ABOUT_RETURN_TYPE = YES_ERROR;
				GCC_WARN_UNDECLARED_SELECTOR = YES;
				GCC_WARN_UNINITIALIZED_AUTOS = YES_AGGRESSIVE;
				GCC_WARN_UNUSED_FUNCTION = YES;
				GCC_WARN_UNUSED_VARIABLE = YES;
				IPHONEOS_DEPLOYMENT_TARGET = 15.0;
				MTL_ENABLE_DEBUG_INFO = NO;
				MTL_FAST_MATH = YES;
				SDKROOT = iphoneos;
				SWIFT_COMPILATION_MODE = wholemodule;
				SWIFT_OPTIMIZATION_LEVEL = "-O";
				VALIDATE_PRODUCT = YES;
			};
			name = Release;
		};
		20AF96FD279750DE0063AE75 /* Debug */ = {
			isa = XCBuildConfiguration;
			buildSettings = {
				ASSETCATALOG_COMPILER_APPICON_NAME = AppIcon;
				ASSETCATALOG_COMPILER_GLOBAL_ACCENT_COLOR_NAME = AccentColor;
				CODE_SIGN_STYLE = Automatic;
				CURRENT_PROJECT_VERSION = 1;
				GENERATE_INFOPLIST_FILE = YES;
				INFOPLIST_FILE = Contacts/Info.plist;
				INFOPLIST_KEY_UIApplicationSupportsIndirectInputEvents = YES;
				INFOPLIST_KEY_UILaunchStoryboardName = LaunchScreen;
				INFOPLIST_KEY_UIMainStoryboardFile = Main;
				INFOPLIST_KEY_UISupportedInterfaceOrientations_iPad = "UIInterfaceOrientationPortrait UIInterfaceOrientationPortraitUpsideDown UIInterfaceOrientationLandscapeLeft UIInterfaceOrientationLandscapeRight";
				INFOPLIST_KEY_UISupportedInterfaceOrientations_iPhone = "UIInterfaceOrientationPortrait UIInterfaceOrientationLandscapeLeft UIInterfaceOrientationLandscapeRight";
				LD_RUNPATH_SEARCH_PATHS = (
					"$(inherited)",
					"@executable_path/Frameworks",
				);
				MARKETING_VERSION = 1.0;
				PRODUCT_BUNDLE_IDENTIFIER = "-.Contacts";
				PRODUCT_NAME = "$(TARGET_NAME)";
				SWIFT_EMIT_LOC_STRINGS = YES;
				SWIFT_VERSION = 5.0;
				TARGETED_DEVICE_FAMILY = 1;
			};
			name = Debug;
		};
		20AF96FE279750DE0063AE75 /* Release */ = {
			isa = XCBuildConfiguration;
			buildSettings = {
				ASSETCATALOG_COMPILER_APPICON_NAME = AppIcon;
				ASSETCATALOG_COMPILER_GLOBAL_ACCENT_COLOR_NAME = AccentColor;
				CODE_SIGN_STYLE = Automatic;
				CURRENT_PROJECT_VERSION = 1;
				GENERATE_INFOPLIST_FILE = YES;
				INFOPLIST_FILE = Contacts/Info.plist;
				INFOPLIST_KEY_UIApplicationSupportsIndirectInputEvents = YES;
				INFOPLIST_KEY_UILaunchStoryboardName = LaunchScreen;
				INFOPLIST_KEY_UIMainStoryboardFile = Main;
				INFOPLIST_KEY_UISupportedInterfaceOrientations_iPad = "UIInterfaceOrientationPortrait UIInterfaceOrientationPortraitUpsideDown UIInterfaceOrientationLandscapeLeft UIInterfaceOrientationLandscapeRight";
				INFOPLIST_KEY_UISupportedInterfaceOrientations_iPhone = "UIInterfaceOrientationPortrait UIInterfaceOrientationLandscapeLeft UIInterfaceOrientationLandscapeRight";
				LD_RUNPATH_SEARCH_PATHS = (
					"$(inherited)",
					"@executable_path/Frameworks",
				);
				MARKETING_VERSION = 1.0;
				PRODUCT_BUNDLE_IDENTIFIER = "-.Contacts";
				PRODUCT_NAME = "$(TARGET_NAME)";
				SWIFT_EMIT_LOC_STRINGS = YES;
				SWIFT_VERSION = 5.0;
				TARGETED_DEVICE_FAMILY = 1;
			};
			name = Release;
		};
/* End XCBuildConfiguration section */

/* Begin XCConfigurationList section */
		20AF96E3279750D90063AE75 /* Build configuration list for PBXProject "Contacts" */ = {
			isa = XCConfigurationList;
			buildConfigurations = (
				20AF96FA279750DE0063AE75 /* Debug */,
				20AF96FB279750DE0063AE75 /* Release */,
			);
			defaultConfigurationIsVisible = 0;
			defaultConfigurationName = Release;
		};
		20AF96FC279750DE0063AE75 /* Build configuration list for PBXNativeTarget "Contacts" */ = {
			isa = XCConfigurationList;
			buildConfigurations = (
				20AF96FD279750DE0063AE75 /* Debug */,
				20AF96FE279750DE0063AE75 /* Release */,
			);
			defaultConfigurationIsVisible = 0;
			defaultConfigurationName = Release;
		};
/* End XCConfigurationList section */
	};
	rootObject = 20AF96E0279750D90063AE75 /* Project object */;
}
